
Microsoft Visual Studio Solution File, Format Version 12.00
# Visual Studio 15
VisualStudioVersion = 15.0.26430.16
MinimumVisualStudioVersion = 10.0.40219.1
Project("{FAE04EC0-301F-11D3-BF4B-00C04F79EFBC}") = "OnlineGame.Web", "OnlineGame.Web\OnlineGame.Web.csproj", "{0657C4E1-3526-4BAE-AA30-D508B3DCEC8E}"
EndProject
Project("{FAE04EC0-301F-11D3-BF4B-00C04F79EFBC}") = "BusinessLayer", "BusinessLayer\BusinessLayer.csproj", "{3E84C2DF-AFB2-421B-9B79-3613253CB719}"
EndProject
Global
	GlobalSection(SolutionConfigurationPlatforms) = preSolution
		Debug|Any CPU = Debug|Any CPU
		Release|Any CPU = Release|Any CPU
	EndGlobalSection
	GlobalSection(ProjectConfigurationPlatforms) = postSolution
		{0657C4E1-3526-4BAE-AA30-D508B3DCEC8E}.Debug|Any CPU.ActiveCfg = Debug|Any CPU
		{0657C4E1-3526-4BAE-AA30-D508B3DCEC8E}.Debug|Any CPU.Build.0 = Debug|Any CPU
		{0657C4E1-3526-4BAE-AA30-D508B3DCEC8E}.Release|Any CPU.ActiveCfg = Release|Any CPU
		{0657C4E1-3526-4BAE-AA30-D508B3DCEC8E}.Release|Any CPU.Build.0 = Release|Any CPU
		{3E84C2DF-AFB2-421B-9B79-3613253CB719}.Debug|Any CPU.ActiveCfg = Debug|Any CPU
		{3E84C2DF-AFB2-421B-9B79-3613253CB719}.Debug|Any CPU.Build.0 = Debug|Any CPU
		{3E84C2DF-AFB2-421B-9B79-3613253CB719}.Release|Any CPU.ActiveCfg = Release|Any CPU
		{3E84C2DF-AFB2-421B-9B79-3613253CB719}.Release|Any CPU.Build.0 = Release|Any CPU
	EndGlobalSection
	GlobalSection(SolutionProperties) = preSolution
		HideSolutionNode = FALSE
	EndGlobalSection
EndGlobal
