
Microsoft Visual Studio Solution File, Format Version 12.00
# Visual Studio 15
VisualStudioVersion = 15.0.27428.2037
MinimumVisualStudioVersion = 10.0.40219.1
Project("{FAE04EC0-301F-11D3-BF4B-00C04F79EFBC}") = "OnlineGame.Web", "OnlineGame.Web\OnlineGame.Web.csproj", "{BED41E4B-C9F4-44CE-B206-AA9C6166FB81}"
EndProject
Global
	GlobalSection(SolutionConfigurationPlatforms) = preSolution
		Debug|Any CPU = Debug|Any CPU
		Release|Any CPU = Release|Any CPU
	EndGlobalSection
	GlobalSection(ProjectConfigurationPlatforms) = postSolution
		{BED41E4B-C9F4-44CE-B206-AA9C6166FB81}.Debug|Any CPU.ActiveCfg = Debug|Any CPU
		{BED41E4B-C9F4-44CE-B206-AA9C6166FB81}.Debug|Any CPU.Build.0 = Debug|Any CPU
		{BED41E4B-C9F4-44CE-B206-AA9C6166FB81}.Release|Any CPU.ActiveCfg = Release|Any CPU
		{BED41E4B-C9F4-44CE-B206-AA9C6166FB81}.Release|Any CPU.Build.0 = Release|Any CPU
	EndGlobalSection
	GlobalSection(SolutionProperties) = preSolution
		HideSolutionNode = FALSE
	EndGlobalSection
	GlobalSection(ExtensibilityGlobals) = postSolution
		SolutionGuid = {99FB0BE1-D5A2-43A8-B1A1-A7058F45917D}
	EndGlobalSection
EndGlobal
