
Microsoft Visual Studio Solution File, Format Version 12.00
# Visual Studio 15
VisualStudioVersion = 15.0.27428.2037
MinimumVisualStudioVersion = 10.0.40219.1
Project("{FAE04EC0-301F-11D3-BF4B-00C04F79EFBC}") = "OnlineGame.Web", "OnlineGame.Web\OnlineGame.Web.csproj", "{2849BD4A-74BA-4BFE-A183-CC8B7A1D3A62}"
EndProject
Global
	GlobalSection(SolutionConfigurationPlatforms) = preSolution
		Debug|Any CPU = Debug|Any CPU
		Release|Any CPU = Release|Any CPU
	EndGlobalSection
	GlobalSection(ProjectConfigurationPlatforms) = postSolution
		{2849BD4A-74BA-4BFE-A183-CC8B7A1D3A62}.Debug|Any CPU.ActiveCfg = Debug|Any CPU
		{2849BD4A-74BA-4BFE-A183-CC8B7A1D3A62}.Debug|Any CPU.Build.0 = Debug|Any CPU
		{2849BD4A-74BA-4BFE-A183-CC8B7A1D3A62}.Release|Any CPU.ActiveCfg = Release|Any CPU
		{2849BD4A-74BA-4BFE-A183-CC8B7A1D3A62}.Release|Any CPU.Build.0 = Release|Any CPU
	EndGlobalSection
	GlobalSection(SolutionProperties) = preSolution
		HideSolutionNode = FALSE
	EndGlobalSection
	GlobalSection(ExtensibilityGlobals) = postSolution
		SolutionGuid = {ADDA97E5-80AD-40A7-91AB-79CA4AABB99D}
	EndGlobalSection
EndGlobal
